
Microsoft Visual Studio Solution File, Format Version 12.00
# Visual Studio Version 17
VisualStudioVersion = 17.12.35707.178 d17.12
MinimumVisualStudioVersion = 10.0.40219.1
Project("{FAE04EC0-301F-11D3-BF4B-00C04F79EFBC}") = "TheatricalPlayersRefactoringKata", "TheatricalPlayersRefactoringKata\TheatricalPlayersRefactoringKata.csproj", "{6D24051E-3E14-4B98-A8B3-DFDA7E4ACD7B}"
EndProject
Project("{FAE04EC0-301F-11D3-BF4B-00C04F79EFBC}") = "TheatricalPlayersRefactoringKata.Tests", "TheatricalPlayersRefactoringKata.Tests\TheatricalPlayersRefactoringKata.Tests.csproj", "{2AFBF20D-3D97-46EC-B506-8B7C82598951}"
EndProject
Project("{FAE04EC0-301F-11D3-BF4B-00C04F79EFBC}") = "Theatrical.Players.Api", "Theatrical.Players.Api\Theatrical.Players.Api.csproj", "{09A13EB3-CC36-45F1-B982-AA7864448034}"
EndProject
Project("{2150E333-8FDC-42A3-9474-1A3956D46DE8}") = "1 - API", "1 - API", "{EFF9689A-6D22-45D7-9779-3ABB9D8C3A83}"
EndProject
Project("{2150E333-8FDC-42A3-9474-1A3956D46DE8}") = "2 -Domain", "2 -Domain", "{F8C97E74-0A6F-40E3-9356-94577D23486C}"
EndProject
Project("{2150E333-8FDC-42A3-9474-1A3956D46DE8}") = "3 -Tests", "3 -Tests", "{499A1C63-4FFD-41AA-8111-C27B107CED5B}"
EndProject
Global
	GlobalSection(SolutionConfigurationPlatforms) = preSolution
		Debug|Any CPU = Debug|Any CPU
		Release|Any CPU = Release|Any CPU
	EndGlobalSection
	GlobalSection(ProjectConfigurationPlatforms) = postSolution
		{6D24051E-3E14-4B98-A8B3-DFDA7E4ACD7B}.Debug|Any CPU.ActiveCfg = Debug|Any CPU
		{6D24051E-3E14-4B98-A8B3-DFDA7E4ACD7B}.Debug|Any CPU.Build.0 = Debug|Any CPU
		{6D24051E-3E14-4B98-A8B3-DFDA7E4ACD7B}.Release|Any CPU.ActiveCfg = Release|Any CPU
		{6D24051E-3E14-4B98-A8B3-DFDA7E4ACD7B}.Release|Any CPU.Build.0 = Release|Any CPU
		{2AFBF20D-3D97-46EC-B506-8B7C82598951}.Debug|Any CPU.ActiveCfg = Debug|Any CPU
		{2AFBF20D-3D97-46EC-B506-8B7C82598951}.Debug|Any CPU.Build.0 = Debug|Any CPU
		{2AFBF20D-3D97-46EC-B506-8B7C82598951}.Release|Any CPU.ActiveCfg = Release|Any CPU
		{2AFBF20D-3D97-46EC-B506-8B7C82598951}.Release|Any CPU.Build.0 = Release|Any CPU
		{09A13EB3-CC36-45F1-B982-AA7864448034}.Debug|Any CPU.ActiveCfg = Debug|Any CPU
		{09A13EB3-CC36-45F1-B982-AA7864448034}.Debug|Any CPU.Build.0 = Debug|Any CPU
		{09A13EB3-CC36-45F1-B982-AA7864448034}.Release|Any CPU.ActiveCfg = Release|Any CPU
		{09A13EB3-CC36-45F1-B982-AA7864448034}.Release|Any CPU.Build.0 = Release|Any CPU
	EndGlobalSection
	GlobalSection(SolutionProperties) = preSolution
		HideSolutionNode = FALSE
	EndGlobalSection
	GlobalSection(NestedProjects) = preSolution
		{6D24051E-3E14-4B98-A8B3-DFDA7E4ACD7B} = {F8C97E74-0A6F-40E3-9356-94577D23486C}
		{2AFBF20D-3D97-46EC-B506-8B7C82598951} = {499A1C63-4FFD-41AA-8111-C27B107CED5B}
		{09A13EB3-CC36-45F1-B982-AA7864448034} = {EFF9689A-6D22-45D7-9779-3ABB9D8C3A83}
	EndGlobalSection
EndGlobal
